// !$*UTF8*$!
{
	archiveVersion = 1;
	classes = {
	};
	objectVersion = 56;
	objects = {

/* Begin PBXBuildFile section */
		C22909582BA499E400920937 /* CategoryCollectionViewCell.swift in Sources */ = {isa = PBXBuildFile; fileRef = C22909562BA499E400920937 /* CategoryCollectionViewCell.swift */; };
		C24F85392BA4E62300D413FE /* Main.storyboard in Resources */ = {isa = PBXBuildFile; fileRef = C24F85352BA4E27000D413FE /* Main.storyboard */; };
		C24F853B2BA4E6AC00D413FE /* HomeViewController.swift in Sources */ = {isa = PBXBuildFile; fileRef = C22909542BA499C300920937 /* HomeViewController.swift */; };
		C24F853E2BA4E7AC00D413FE /* CategoryCollectionViewCell.xib in Resources */ = {isa = PBXBuildFile; fileRef = C22909572BA499E400920937 /* CategoryCollectionViewCell.xib */; };
		C24F85412BA4E9A000D413FE /* Assets.xcassets in Resources */ = {isa = PBXBuildFile; fileRef = C29051312BA1BA11006AF636 /* Assets.xcassets */; };
		C25EB1342BA345F6000C6DE8 /* ExUiView.swift in Sources */ = {isa = PBXBuildFile; fileRef = C25EB1332BA345F6000C6DE8 /* ExUiView.swift */; };
		C26732F42BA5841100CD97A6 /* NewCollectionViewController.swift in Sources */ = {isa = PBXBuildFile; fileRef = C26732F32BA5841100CD97A6 /* NewCollectionViewController.swift */; };
		C26732F82BA58F9F00CD97A6 /* SubCategoriesCollectionViewCell.swift in Sources */ = {isa = PBXBuildFile; fileRef = C26732F62BA58F9F00CD97A6 /* SubCategoriesCollectionViewCell.swift */; };
		C26732F92BA58F9F00CD97A6 /* SubCategoriesCollectionViewCell.xib in Resources */ = {isa = PBXBuildFile; fileRef = C26732F72BA58F9F00CD97A6 /* SubCategoriesCollectionViewCell.xib */; };
		C28828222BA4D7EF00BF9068 /* MassageViewController.swift in Sources */ = {isa = PBXBuildFile; fileRef = C28828212BA4D7EF00BF9068 /* MassageViewController.swift */; };
		C28828242BA4D81100BF9068 /* ProfileViewController.swift in Sources */ = {isa = PBXBuildFile; fileRef = C28828232BA4D81100BF9068 /* ProfileViewController.swift */; };
		C28828262BA4D83100BF9068 /* FavoriteViewController.swift in Sources */ = {isa = PBXBuildFile; fileRef = C28828252BA4D83000BF9068 /* FavoriteViewController.swift */; };
		C28828282BA4D85200BF9068 /* BagViewController.swift in Sources */ = {isa = PBXBuildFile; fileRef = C28828272BA4D85200BF9068 /* BagViewController.swift */; };
		C29051262BA1BA0F006AF636 /* AppDelegate.swift in Sources */ = {isa = PBXBuildFile; fileRef = C29051252BA1BA0F006AF636 /* AppDelegate.swift */; };
		C29051282BA1BA0F006AF636 /* SceneDelegate.swift in Sources */ = {isa = PBXBuildFile; fileRef = C29051272BA1BA0F006AF636 /* SceneDelegate.swift */; };
		C29051302BA1BA0F006AF636 /* E_Commerce.xcdatamodeld in Sources */ = {isa = PBXBuildFile; fileRef = C290512E2BA1BA0F006AF636 /* E_Commerce.xcdatamodeld */; };
		C29051402BA1BA11006AF636 /* E_CommerceTests.swift in Sources */ = {isa = PBXBuildFile; fileRef = C290513F2BA1BA11006AF636 /* E_CommerceTests.swift */; };
		C290514A2BA1BA11006AF636 /* E_CommerceUITests.swift in Sources */ = {isa = PBXBuildFile; fileRef = C29051492BA1BA11006AF636 /* E_CommerceUITests.swift */; };
		C290514C2BA1BA11006AF636 /* E_CommerceUITestsLaunchTests.swift in Sources */ = {isa = PBXBuildFile; fileRef = C290514B2BA1BA11006AF636 /* E_CommerceUITestsLaunchTests.swift */; };
		C290515C2BA1BADC006AF636 /* LoginViewController.swift in Sources */ = {isa = PBXBuildFile; fileRef = C290515B2BA1BADC006AF636 /* LoginViewController.swift */; };
		C2E171F72BA20EB30054A984 /* SIgnUpViewController.swift in Sources */ = {isa = PBXBuildFile; fileRef = C2E171F62BA20EB30054A984 /* SIgnUpViewController.swift */; };
		C2E171F92BA211BA0054A984 /* ConfirmPasswordViewController.swift in Sources */ = {isa = PBXBuildFile; fileRef = C2E171F82BA211BA0054A984 /* ConfirmPasswordViewController.swift */; };
/* End PBXBuildFile section */

/* Begin PBXContainerItemProxy section */
		C290513C2BA1BA11006AF636 /* PBXContainerItemProxy */ = {
			isa = PBXContainerItemProxy;
			containerPortal = C290511A2BA1BA0F006AF636 /* Project object */;
			proxyType = 1;
			remoteGlobalIDString = C29051212BA1BA0F006AF636;
			remoteInfo = "E-Commerce";
		};
		C29051462BA1BA11006AF636 /* PBXContainerItemProxy */ = {
			isa = PBXContainerItemProxy;
			containerPortal = C290511A2BA1BA0F006AF636 /* Project object */;
			proxyType = 1;
			remoteGlobalIDString = C29051212BA1BA0F006AF636;
			remoteInfo = "E-Commerce";
		};
/* End PBXContainerItemProxy section */

/* Begin PBXFileReference section */
		C22909542BA499C300920937 /* HomeViewController.swift */ = {isa = PBXFileReference; lastKnownFileType = sourcecode.swift; path = HomeViewController.swift; sourceTree = "<group>"; };
		C22909562BA499E400920937 /* CategoryCollectionViewCell.swift */ = {isa = PBXFileReference; lastKnownFileType = sourcecode.swift; path = CategoryCollectionViewCell.swift; sourceTree = "<group>"; };
		C22909572BA499E400920937 /* CategoryCollectionViewCell.xib */ = {isa = PBXFileReference; lastKnownFileType = file.xib; path = CategoryCollectionViewCell.xib; sourceTree = "<group>"; };
		C24F85352BA4E27000D413FE /* Main.storyboard */ = {isa = PBXFileReference; lastKnownFileType = file.storyboard; path = Main.storyboard; sourceTree = "<group>"; };
		C24F853F2BA4E87200D413FE /* Info.plist */ = {isa = PBXFileReference; fileEncoding = 4; lastKnownFileType = text.plist.xml; path = Info.plist; sourceTree = "<group>"; };
		C25EB1332BA345F6000C6DE8 /* ExUiView.swift */ = {isa = PBXFileReference; lastKnownFileType = sourcecode.swift; path = ExUiView.swift; sourceTree = "<group>"; };
		C25EB1362BA34F6C000C6DE8 /* Roboto-Light.ttf */ = {isa = PBXFileReference; lastKnownFileType = file; path = "Roboto-Light.ttf"; sourceTree = "<group>"; };
		C25EB1372BA34F6C000C6DE8 /* Roboto-Medium.ttf */ = {isa = PBXFileReference; lastKnownFileType = file; path = "Roboto-Medium.ttf"; sourceTree = "<group>"; };
		C25EB1382BA34F6C000C6DE8 /* Roboto-Regular.ttf */ = {isa = PBXFileReference; lastKnownFileType = file; path = "Roboto-Regular.ttf"; sourceTree = "<group>"; };
		C25EB1392BA34F6C000C6DE8 /* Roboto-Black.ttf */ = {isa = PBXFileReference; lastKnownFileType = file; path = "Roboto-Black.ttf"; sourceTree = "<group>"; };
		C25EB13A2BA34F6D000C6DE8 /* Roboto-Bold.ttf */ = {isa = PBXFileReference; lastKnownFileType = file; path = "Roboto-Bold.ttf"; sourceTree = "<group>"; };
		C26732F32BA5841100CD97A6 /* NewCollectionViewController.swift */ = {isa = PBXFileReference; lastKnownFileType = sourcecode.swift; path = NewCollectionViewController.swift; sourceTree = "<group>"; };
		C26732F62BA58F9F00CD97A6 /* SubCategoriesCollectionViewCell.swift */ = {isa = PBXFileReference; lastKnownFileType = sourcecode.swift; path = SubCategoriesCollectionViewCell.swift; sourceTree = "<group>"; };
		C26732F72BA58F9F00CD97A6 /* SubCategoriesCollectionViewCell.xib */ = {isa = PBXFileReference; lastKnownFileType = file.xib; path = SubCategoriesCollectionViewCell.xib; sourceTree = "<group>"; };
		C28828212BA4D7EF00BF9068 /* MassageViewController.swift */ = {isa = PBXFileReference; lastKnownFileType = sourcecode.swift; path = MassageViewController.swift; sourceTree = "<group>"; };
		C28828232BA4D81100BF9068 /* ProfileViewController.swift */ = {isa = PBXFileReference; lastKnownFileType = sourcecode.swift; path = ProfileViewController.swift; sourceTree = "<group>"; };
		C28828252BA4D83000BF9068 /* FavoriteViewController.swift */ = {isa = PBXFileReference; lastKnownFileType = sourcecode.swift; path = FavoriteViewController.swift; sourceTree = "<group>"; };
		C28828272BA4D85200BF9068 /* BagViewController.swift */ = {isa = PBXFileReference; lastKnownFileType = sourcecode.swift; path = BagViewController.swift; sourceTree = "<group>"; };
		C29051222BA1BA0F006AF636 /* E-Commerce.app */ = {isa = PBXFileReference; explicitFileType = wrapper.application; includeInIndex = 0; path = "E-Commerce.app"; sourceTree = BUILT_PRODUCTS_DIR; };
		C29051252BA1BA0F006AF636 /* AppDelegate.swift */ = {isa = PBXFileReference; lastKnownFileType = sourcecode.swift; path = AppDelegate.swift; sourceTree = "<group>"; };
		C29051272BA1BA0F006AF636 /* SceneDelegate.swift */ = {isa = PBXFileReference; lastKnownFileType = sourcecode.swift; path = SceneDelegate.swift; sourceTree = "<group>"; };
		C290512F2BA1BA0F006AF636 /* E_Commerce.xcdatamodel */ = {isa = PBXFileReference; lastKnownFileType = wrapper.xcdatamodel; path = E_Commerce.xcdatamodel; sourceTree = "<group>"; };
		C29051312BA1BA11006AF636 /* Assets.xcassets */ = {isa = PBXFileReference; lastKnownFileType = folder.assetcatalog; path = Assets.xcassets; sourceTree = "<group>"; };
		C29051342BA1BA11006AF636 /* Base */ = {isa = PBXFileReference; lastKnownFileType = file.storyboard; name = Base; path = Base.lproj/LaunchScreen.storyboard; sourceTree = "<group>"; };
		C290513B2BA1BA11006AF636 /* E-CommerceTests.xctest */ = {isa = PBXFileReference; explicitFileType = wrapper.cfbundle; includeInIndex = 0; path = "E-CommerceTests.xctest"; sourceTree = BUILT_PRODUCTS_DIR; };
		C290513F2BA1BA11006AF636 /* E_CommerceTests.swift */ = {isa = PBXFileReference; lastKnownFileType = sourcecode.swift; path = E_CommerceTests.swift; sourceTree = "<group>"; };
		C29051452BA1BA11006AF636 /* E-CommerceUITests.xctest */ = {isa = PBXFileReference; explicitFileType = wrapper.cfbundle; includeInIndex = 0; path = "E-CommerceUITests.xctest"; sourceTree = BUILT_PRODUCTS_DIR; };
		C29051492BA1BA11006AF636 /* E_CommerceUITests.swift */ = {isa = PBXFileReference; lastKnownFileType = sourcecode.swift; path = E_CommerceUITests.swift; sourceTree = "<group>"; };
		C290514B2BA1BA11006AF636 /* E_CommerceUITestsLaunchTests.swift */ = {isa = PBXFileReference; lastKnownFileType = sourcecode.swift; path = E_CommerceUITestsLaunchTests.swift; sourceTree = "<group>"; };
		C290515B2BA1BADC006AF636 /* LoginViewController.swift */ = {isa = PBXFileReference; lastKnownFileType = sourcecode.swift; path = LoginViewController.swift; sourceTree = "<group>"; };
		C2E171F62BA20EB30054A984 /* SIgnUpViewController.swift */ = {isa = PBXFileReference; lastKnownFileType = sourcecode.swift; path = SIgnUpViewController.swift; sourceTree = "<group>"; };
		C2E171F82BA211BA0054A984 /* ConfirmPasswordViewController.swift */ = {isa = PBXFileReference; lastKnownFileType = sourcecode.swift; path = ConfirmPasswordViewController.swift; sourceTree = "<group>"; };
/* End PBXFileReference section */

/* Begin PBXFrameworksBuildPhase section */
		C290511F2BA1BA0F006AF636 /* Frameworks */ = {
			isa = PBXFrameworksBuildPhase;
			buildActionMask = 2147483647;
			files = (
			);
			runOnlyForDeploymentPostprocessing = 0;
		};
		C29051382BA1BA11006AF636 /* Frameworks */ = {
			isa = PBXFrameworksBuildPhase;
			buildActionMask = 2147483647;
			files = (
			);
			runOnlyForDeploymentPostprocessing = 0;
		};
		C29051422BA1BA11006AF636 /* Frameworks */ = {
			isa = PBXFrameworksBuildPhase;
			buildActionMask = 2147483647;
			files = (
			);
			runOnlyForDeploymentPostprocessing = 0;
		};
/* End PBXFrameworksBuildPhase section */

/* Begin PBXGroup section */
		C22909522BA4997100920937 /* MainFolder */ = {
			isa = PBXGroup;
			children = (
				C26732F22BA583EE00CD97A6 /* NewCollections */,
				C22909532BA4998000920937 /* HomeViewController */,
				C28828212BA4D7EF00BF9068 /* MassageViewController.swift */,
				C28828232BA4D81100BF9068 /* ProfileViewController.swift */,
				C28828252BA4D83000BF9068 /* FavoriteViewController.swift */,
				C28828272BA4D85200BF9068 /* BagViewController.swift */,
			);
			name = MainFolder;
			sourceTree = "<group>";
		};
		C22909532BA4998000920937 /* HomeViewController */ = {
			isa = PBXGroup;
			children = (
				C22909542BA499C300920937 /* HomeViewController.swift */,
				C229095A2BA4A2AA00920937 /* HomeCollectionViewCell */,
			);
			name = HomeViewController;
			sourceTree = "<group>";
		};
		C229095A2BA4A2AA00920937 /* HomeCollectionViewCell */ = {
			isa = PBXGroup;
			children = (
				C22909572BA499E400920937 /* CategoryCollectionViewCell.xib */,
				C22909562BA499E400920937 /* CategoryCollectionViewCell.swift */,
			);
			name = HomeCollectionViewCell;
			sourceTree = "<group>";
		};
		C25EB1322BA345C0000C6DE8 /* Helpers */ = {
			isa = PBXGroup;
			children = (
				C2870FD32BA38C6900D63425 /* Extention */,
			);
			name = Helpers;
			sourceTree = "<group>";
		};
		C25EB1352BA34F4B000C6DE8 /* Font */ = {
			isa = PBXGroup;
			children = (
				C25EB1392BA34F6C000C6DE8 /* Roboto-Black.ttf */,
				C25EB13A2BA34F6D000C6DE8 /* Roboto-Bold.ttf */,
				C25EB1362BA34F6C000C6DE8 /* Roboto-Light.ttf */,
				C25EB1372BA34F6C000C6DE8 /* Roboto-Medium.ttf */,
				C25EB1382BA34F6C000C6DE8 /* Roboto-Regular.ttf */,
			);
			name = Font;
			sourceTree = "<group>";
		};
		C26732F22BA583EE00CD97A6 /* NewCollections */ = {
			isa = PBXGroup;
			children = (
				C26732F52BA58F5F00CD97A6 /* SubCategoriesCell */,
				C26732F32BA5841100CD97A6 /* NewCollectionViewController.swift */,
			);
			name = NewCollections;
			sourceTree = "<group>";
		};
		C26732F52BA58F5F00CD97A6 /* SubCategoriesCell */ = {
			isa = PBXGroup;
			children = (
				C26732F62BA58F9F00CD97A6 /* SubCategoriesCollectionViewCell.swift */,
				C26732F72BA58F9F00CD97A6 /* SubCategoriesCollectionViewCell.xib */,
			);
			name = SubCategoriesCell;
			sourceTree = "<group>";
		};
		C2870FD22BA38C3700D63425 /* Scenes */ = {
			isa = PBXGroup;
			children = (
				C24F85352BA4E27000D413FE /* Main.storyboard */,
				C22909522BA4997100920937 /* MainFolder */,
				C2E171F52BA20E990054A984 /* Auth */,
			);
			name = Scenes;
			sourceTree = "<group>";
		};
		C2870FD32BA38C6900D63425 /* Extention */ = {
			isa = PBXGroup;
			children = (
				C25EB1332BA345F6000C6DE8 /* ExUiView.swift */,
			);
			name = Extention;
			sourceTree = "<group>";
		};
		C29051192BA1BA0F006AF636 = {
			isa = PBXGroup;
			children = (
				C29051242BA1BA0F006AF636 /* E-Commerce */,
				C290513E2BA1BA11006AF636 /* E-CommerceTests */,
				C29051482BA1BA11006AF636 /* E-CommerceUITests */,
				C29051232BA1BA0F006AF636 /* Products */,
			);
			sourceTree = "<group>";
			usesTabs = 0;
		};
		C29051232BA1BA0F006AF636 /* Products */ = {
			isa = PBXGroup;
			children = (
				C29051222BA1BA0F006AF636 /* E-Commerce.app */,
				C290513B2BA1BA11006AF636 /* E-CommerceTests.xctest */,
				C29051452BA1BA11006AF636 /* E-CommerceUITests.xctest */,
			);
			name = Products;
			sourceTree = "<group>";
		};
		C29051242BA1BA0F006AF636 /* E-Commerce */ = {
			isa = PBXGroup;
			children = (
				C29051582BA1BA23006AF636 /* Core */,
				C290515A2BA1BA4D006AF636 /* Resources */,
				C25EB1322BA345C0000C6DE8 /* Helpers */,
				C2870FD22BA38C3700D63425 /* Scenes */,
				C290512E2BA1BA0F006AF636 /* E_Commerce.xcdatamodeld */,
			);
			path = "E-Commerce";
			sourceTree = "<group>";
		};
		C290513E2BA1BA11006AF636 /* E-CommerceTests */ = {
			isa = PBXGroup;
			children = (
				C290513F2BA1BA11006AF636 /* E_CommerceTests.swift */,
			);
			path = "E-CommerceTests";
			sourceTree = "<group>";
		};
		C29051482BA1BA11006AF636 /* E-CommerceUITests */ = {
			isa = PBXGroup;
			children = (
				C29051492BA1BA11006AF636 /* E_CommerceUITests.swift */,
				C290514B2BA1BA11006AF636 /* E_CommerceUITestsLaunchTests.swift */,
			);
			path = "E-CommerceUITests";
			sourceTree = "<group>";
		};
		C29051582BA1BA23006AF636 /* Core */ = {
			isa = PBXGroup;
			children = (
				C29051272BA1BA0F006AF636 /* SceneDelegate.swift */,
				C29051252BA1BA0F006AF636 /* AppDelegate.swift */,
			);
			name = Core;
			sourceTree = "<group>";
		};
		C29051592BA1BA37006AF636 /* LoginViewController */ = {
			isa = PBXGroup;
			children = (
				C290515B2BA1BADC006AF636 /* LoginViewController.swift */,
			);
			name = LoginViewController;
			sourceTree = "<group>";
		};
		C290515A2BA1BA4D006AF636 /* Resources */ = {
			isa = PBXGroup;
			children = (
				C24F853F2BA4E87200D413FE /* Info.plist */,
				C25EB1352BA34F4B000C6DE8 /* Font */,
				C29051332BA1BA11006AF636 /* LaunchScreen.storyboard */,
				C29051312BA1BA11006AF636 /* Assets.xcassets */,
			);
			name = Resources;
			sourceTree = "<group>";
		};
		C2E171F52BA20E990054A984 /* Auth */ = {
			isa = PBXGroup;
			children = (
				C29051592BA1BA37006AF636 /* LoginViewController */,
				C2E171F62BA20EB30054A984 /* SIgnUpViewController.swift */,
				C2E171F82BA211BA0054A984 /* ConfirmPasswordViewController.swift */,
			);
			name = Auth;
			sourceTree = "<group>";
		};
/* End PBXGroup section */

/* Begin PBXNativeTarget section */
		C29051212BA1BA0F006AF636 /* E-Commerce */ = {
			isa = PBXNativeTarget;
			buildConfigurationList = C290514F2BA1BA11006AF636 /* Build configuration list for PBXNativeTarget "E-Commerce" */;
			buildPhases = (
				C290511E2BA1BA0F006AF636 /* Sources */,
				C290511F2BA1BA0F006AF636 /* Frameworks */,
				C24F85382BA4E60B00D413FE /* Resources */,
			);
			buildRules = (
			);
			dependencies = (
			);
			name = "E-Commerce";
			productName = "E-Commerce";
			productReference = C29051222BA1BA0F006AF636 /* E-Commerce.app */;
			productType = "com.apple.product-type.application";
		};
		C290513A2BA1BA11006AF636 /* E-CommerceTests */ = {
			isa = PBXNativeTarget;
			buildConfigurationList = C29051522BA1BA11006AF636 /* Build configuration list for PBXNativeTarget "E-CommerceTests" */;
			buildPhases = (
				C29051372BA1BA11006AF636 /* Sources */,
				C29051382BA1BA11006AF636 /* Frameworks */,
				C29051392BA1BA11006AF636 /* Resources */,
			);
			buildRules = (
			);
			dependencies = (
				C290513D2BA1BA11006AF636 /* PBXTargetDependency */,
			);
			name = "E-CommerceTests";
			productName = "E-CommerceTests";
			productReference = C290513B2BA1BA11006AF636 /* E-CommerceTests.xctest */;
			productType = "com.apple.product-type.bundle.unit-test";
		};
		C29051442BA1BA11006AF636 /* E-CommerceUITests */ = {
			isa = PBXNativeTarget;
			buildConfigurationList = C29051552BA1BA11006AF636 /* Build configuration list for PBXNativeTarget "E-CommerceUITests" */;
			buildPhases = (
				C29051412BA1BA11006AF636 /* Sources */,
				C29051422BA1BA11006AF636 /* Frameworks */,
				C29051432BA1BA11006AF636 /* Resources */,
			);
			buildRules = (
			);
			dependencies = (
				C29051472BA1BA11006AF636 /* PBXTargetDependency */,
			);
			name = "E-CommerceUITests";
			productName = "E-CommerceUITests";
			productReference = C29051452BA1BA11006AF636 /* E-CommerceUITests.xctest */;
			productType = "com.apple.product-type.bundle.ui-testing";
		};
/* End PBXNativeTarget section */

/* Begin PBXProject section */
		C290511A2BA1BA0F006AF636 /* Project object */ = {
			isa = PBXProject;
			attributes = {
				BuildIndependentTargetsInParallel = 1;
				LastSwiftUpdateCheck = 1420;
				LastUpgradeCheck = 1420;
				TargetAttributes = {
					C29051212BA1BA0F006AF636 = {
						CreatedOnToolsVersion = 14.2;
					};
					C290513A2BA1BA11006AF636 = {
						CreatedOnToolsVersion = 14.2;
						TestTargetID = C29051212BA1BA0F006AF636;
					};
					C29051442BA1BA11006AF636 = {
						CreatedOnToolsVersion = 14.2;
						TestTargetID = C29051212BA1BA0F006AF636;
					};
				};
			};
			buildConfigurationList = C290511D2BA1BA0F006AF636 /* Build configuration list for PBXProject "E-Commerce" */;
			compatibilityVersion = "Xcode 14.0";
			developmentRegion = en;
			hasScannedForEncodings = 0;
			knownRegions = (
				en,
				Base,
			);
			mainGroup = C29051192BA1BA0F006AF636;
			productRefGroup = C29051232BA1BA0F006AF636 /* Products */;
			projectDirPath = "";
			projectRoot = "";
			targets = (
				C29051212BA1BA0F006AF636 /* E-Commerce */,
				C290513A2BA1BA11006AF636 /* E-CommerceTests */,
				C29051442BA1BA11006AF636 /* E-CommerceUITests */,
			);
		};
/* End PBXProject section */

/* Begin PBXResourcesBuildPhase section */
		C24F85382BA4E60B00D413FE /* Resources */ = {
			isa = PBXResourcesBuildPhase;
			buildActionMask = 2147483647;
			files = (
				C24F853E2BA4E7AC00D413FE /* CategoryCollectionViewCell.xib in Resources */,
				C24F85412BA4E9A000D413FE /* Assets.xcassets in Resources */,
				C24F85392BA4E62300D413FE /* Main.storyboard in Resources */,
				C26732F92BA58F9F00CD97A6 /* SubCategoriesCollectionViewCell.xib in Resources */,
			);
			runOnlyForDeploymentPostprocessing = 0;
		};
		C29051392BA1BA11006AF636 /* Resources */ = {
			isa = PBXResourcesBuildPhase;
			buildActionMask = 2147483647;
			files = (
			);
			runOnlyForDeploymentPostprocessing = 0;
		};
		C29051432BA1BA11006AF636 /* Resources */ = {
			isa = PBXResourcesBuildPhase;
			buildActionMask = 2147483647;
			files = (
			);
			runOnlyForDeploymentPostprocessing = 0;
		};
/* End PBXResourcesBuildPhase section */

/* Begin PBXSourcesBuildPhase section */
		C290511E2BA1BA0F006AF636 /* Sources */ = {
			isa = PBXSourcesBuildPhase;
			buildActionMask = 2147483647;
			files = (
				C2E171F92BA211BA0054A984 /* ConfirmPasswordViewController.swift in Sources */,
				C26732F42BA5841100CD97A6 /* NewCollectionViewController.swift in Sources */,
				C29051262BA1BA0F006AF636 /* AppDelegate.swift in Sources */,
				C2E171F72BA20EB30054A984 /* SIgnUpViewController.swift in Sources */,
				C22909582BA499E400920937 /* CategoryCollectionViewCell.swift in Sources */,
				C29051302BA1BA0F006AF636 /* E_Commerce.xcdatamodeld in Sources */,
				C28828242BA4D81100BF9068 /* ProfileViewController.swift in Sources */,
				C290515C2BA1BADC006AF636 /* LoginViewController.swift in Sources */,
				C29051282BA1BA0F006AF636 /* SceneDelegate.swift in Sources */,
				C28828222BA4D7EF00BF9068 /* MassageViewController.swift in Sources */,
				C26732F82BA58F9F00CD97A6 /* SubCategoriesCollectionViewCell.swift in Sources */,
				C28828262BA4D83100BF9068 /* FavoriteViewController.swift in Sources */,
				C28828282BA4D85200BF9068 /* BagViewController.swift in Sources */,
				C24F853B2BA4E6AC00D413FE /* HomeViewController.swift in Sources */,
				C25EB1342BA345F6000C6DE8 /* ExUiView.swift in Sources */,
			);
			runOnlyForDeploymentPostprocessing = 0;
		};
		C29051372BA1BA11006AF636 /* Sources */ = {
			isa = PBXSourcesBuildPhase;
			buildActionMask = 2147483647;
			files = (
				C29051402BA1BA11006AF636 /* E_CommerceTests.swift in Sources */,
			);
			runOnlyForDeploymentPostprocessing = 0;
		};
		C29051412BA1BA11006AF636 /* Sources */ = {
			isa = PBXSourcesBuildPhase;
			buildActionMask = 2147483647;
			files = (
				C290514A2BA1BA11006AF636 /* E_CommerceUITests.swift in Sources */,
				C290514C2BA1BA11006AF636 /* E_CommerceUITestsLaunchTests.swift in Sources */,
			);
			runOnlyForDeploymentPostprocessing = 0;
		};
/* End PBXSourcesBuildPhase section */

/* Begin PBXTargetDependency section */
		C290513D2BA1BA11006AF636 /* PBXTargetDependency */ = {
			isa = PBXTargetDependency;
			target = C29051212BA1BA0F006AF636 /* E-Commerce */;
			targetProxy = C290513C2BA1BA11006AF636 /* PBXContainerItemProxy */;
		};
		C29051472BA1BA11006AF636 /* PBXTargetDependency */ = {
			isa = PBXTargetDependency;
			target = C29051212BA1BA0F006AF636 /* E-Commerce */;
			targetProxy = C29051462BA1BA11006AF636 /* PBXContainerItemProxy */;
		};
/* End PBXTargetDependency section */

/* Begin PBXVariantGroup section */
		C29051332BA1BA11006AF636 /* LaunchScreen.storyboard */ = {
			isa = PBXVariantGroup;
			children = (
				C29051342BA1BA11006AF636 /* Base */,
			);
			name = LaunchScreen.storyboard;
			sourceTree = "<group>";
		};
/* End PBXVariantGroup section */

/* Begin XCBuildConfiguration section */
		C290514D2BA1BA11006AF636 /* Debug */ = {
			isa = XCBuildConfiguration;
			buildSettings = {
				ALWAYS_SEARCH_USER_PATHS = NO;
				CLANG_ANALYZER_NONNULL = YES;
				CLANG_ANALYZER_NUMBER_OBJECT_CONVERSION = YES_AGGRESSIVE;
				CLANG_CXX_LANGUAGE_STANDARD = "gnu++20";
				CLANG_ENABLE_MODULES = YES;
				CLANG_ENABLE_OBJC_ARC = YES;
				CLANG_ENABLE_OBJC_WEAK = YES;
				CLANG_WARN_BLOCK_CAPTURE_AUTORELEASING = YES;
				CLANG_WARN_BOOL_CONVERSION = YES;
				CLANG_WARN_COMMA = YES;
				CLANG_WARN_CONSTANT_CONVERSION = YES;
				CLANG_WARN_DEPRECATED_OBJC_IMPLEMENTATIONS = YES;
				CLANG_WARN_DIRECT_OBJC_ISA_USAGE = YES_ERROR;
				CLANG_WARN_DOCUMENTATION_COMMENTS = YES;
				CLANG_WARN_EMPTY_BODY = YES;
				CLANG_WARN_ENUM_CONVERSION = YES;
				CLANG_WARN_INFINITE_RECURSION = YES;
				CLANG_WARN_INT_CONVERSION = YES;
				CLANG_WARN_NON_LITERAL_NULL_CONVERSION = YES;
				CLANG_WARN_OBJC_IMPLICIT_RETAIN_SELF = YES;
				CLANG_WARN_OBJC_LITERAL_CONVERSION = YES;
				CLANG_WARN_OBJC_ROOT_CLASS = YES_ERROR;
				CLANG_WARN_QUOTED_INCLUDE_IN_FRAMEWORK_HEADER = YES;
				CLANG_WARN_RANGE_LOOP_ANALYSIS = YES;
				CLANG_WARN_STRICT_PROTOTYPES = YES;
				CLANG_WARN_SUSPICIOUS_MOVE = YES;
				CLANG_WARN_UNGUARDED_AVAILABILITY = YES_AGGRESSIVE;
				CLANG_WARN_UNREACHABLE_CODE = YES;
				CLANG_WARN__DUPLICATE_METHOD_MATCH = YES;
				COPY_PHASE_STRIP = NO;
				DEBUG_INFORMATION_FORMAT = dwarf;
				ENABLE_STRICT_OBJC_MSGSEND = YES;
				ENABLE_TESTABILITY = YES;
				GCC_C_LANGUAGE_STANDARD = gnu11;
				GCC_DYNAMIC_NO_PIC = NO;
				GCC_NO_COMMON_BLOCKS = YES;
				GCC_OPTIMIZATION_LEVEL = 0;
				GCC_PREPROCESSOR_DEFINITIONS = (
					"DEBUG=1",
					"$(inherited)",
				);
				GCC_WARN_64_TO_32_BIT_CONVERSION = YES;
				GCC_WARN_ABOUT_RETURN_TYPE = YES_ERROR;
				GCC_WARN_UNDECLARED_SELECTOR = YES;
				GCC_WARN_UNINITIALIZED_AUTOS = YES_AGGRESSIVE;
				GCC_WARN_UNUSED_FUNCTION = YES;
				GCC_WARN_UNUSED_VARIABLE = YES;
				IPHONEOS_DEPLOYMENT_TARGET = 16.2;
				MTL_ENABLE_DEBUG_INFO = INCLUDE_SOURCE;
				MTL_FAST_MATH = YES;
				ONLY_ACTIVE_ARCH = YES;
				SDKROOT = iphoneos;
				SWIFT_ACTIVE_COMPILATION_CONDITIONS = DEBUG;
				SWIFT_OPTIMIZATION_LEVEL = "-Onone";
			};
			name = Debug;
		};
		C290514E2BA1BA11006AF636 /* Release */ = {
			isa = XCBuildConfiguration;
			buildSettings = {
				ALWAYS_SEARCH_USER_PATHS = NO;
				CLANG_ANALYZER_NONNULL = YES;
				CLANG_ANALYZER_NUMBER_OBJECT_CONVERSION = YES_AGGRESSIVE;
				CLANG_CXX_LANGUAGE_STANDARD = "gnu++20";
				CLANG_ENABLE_MODULES = YES;
				CLANG_ENABLE_OBJC_ARC = YES;
				CLANG_ENABLE_OBJC_WEAK = YES;
				CLANG_WARN_BLOCK_CAPTURE_AUTORELEASING = YES;
				CLANG_WARN_BOOL_CONVERSION = YES;
				CLANG_WARN_COMMA = YES;
				CLANG_WARN_CONSTANT_CONVERSION = YES;
				CLANG_WARN_DEPRECATED_OBJC_IMPLEMENTATIONS = YES;
				CLANG_WARN_DIRECT_OBJC_ISA_USAGE = YES_ERROR;
				CLANG_WARN_DOCUMENTATION_COMMENTS = YES;
				CLANG_WARN_EMPTY_BODY = YES;
				CLANG_WARN_ENUM_CONVERSION = YES;
				CLANG_WARN_INFINITE_RECURSION = YES;
				CLANG_WARN_INT_CONVERSION = YES;
				CLANG_WARN_NON_LITERAL_NULL_CONVERSION = YES;
				CLANG_WARN_OBJC_IMPLICIT_RETAIN_SELF = YES;
				CLANG_WARN_OBJC_LITERAL_CONVERSION = YES;
				CLANG_WARN_OBJC_ROOT_CLASS = YES_ERROR;
				CLANG_WARN_QUOTED_INCLUDE_IN_FRAMEWORK_HEADER = YES;
				CLANG_WARN_RANGE_LOOP_ANALYSIS = YES;
				CLANG_WARN_STRICT_PROTOTYPES = YES;
				CLANG_WARN_SUSPICIOUS_MOVE = YES;
				CLANG_WARN_UNGUARDED_AVAILABILITY = YES_AGGRESSIVE;
				CLANG_WARN_UNREACHABLE_CODE = YES;
				CLANG_WARN__DUPLICATE_METHOD_MATCH = YES;
				COPY_PHASE_STRIP = NO;
				DEBUG_INFORMATION_FORMAT = "dwarf-with-dsym";
				ENABLE_NS_ASSERTIONS = NO;
				ENABLE_STRICT_OBJC_MSGSEND = YES;
				GCC_C_LANGUAGE_STANDARD = gnu11;
				GCC_NO_COMMON_BLOCKS = YES;
				GCC_WARN_64_TO_32_BIT_CONVERSION = YES;
				GCC_WARN_ABOUT_RETURN_TYPE = YES_ERROR;
				GCC_WARN_UNDECLARED_SELECTOR = YES;
				GCC_WARN_UNINITIALIZED_AUTOS = YES_AGGRESSIVE;
				GCC_WARN_UNUSED_FUNCTION = YES;
				GCC_WARN_UNUSED_VARIABLE = YES;
				IPHONEOS_DEPLOYMENT_TARGET = 16.2;
				MTL_ENABLE_DEBUG_INFO = NO;
				MTL_FAST_MATH = YES;
				SDKROOT = iphoneos;
				SWIFT_COMPILATION_MODE = wholemodule;
				SWIFT_OPTIMIZATION_LEVEL = "-O";
				VALIDATE_PRODUCT = YES;
			};
			name = Release;
		};
		C29051502BA1BA11006AF636 /* Debug */ = {
			isa = XCBuildConfiguration;
			buildSettings = {
				ASSETCATALOG_COMPILER_APPICON_NAME = AppIcon;
				ASSETCATALOG_COMPILER_GLOBAL_ACCENT_COLOR_NAME = AccentColor;
				CODE_SIGN_STYLE = Automatic;
				CURRENT_PROJECT_VERSION = 1;
				DEVELOPMENT_TEAM = 8XP99PU3R2;
				EXCLUDED_ARCHS = "";
				GENERATE_INFOPLIST_FILE = YES;
				INFOPLIST_FILE = "E-Commerce/Info.plist";
				INFOPLIST_KEY_UIApplicationSupportsIndirectInputEvents = YES;
				INFOPLIST_KEY_UILaunchStoryboardName = LaunchScreen;
				INFOPLIST_KEY_UIMainStoryboardFile = Main;
				INFOPLIST_KEY_UIStatusBarStyle = "";
				INFOPLIST_KEY_UISupportedInterfaceOrientations_iPad = "UIInterfaceOrientationPortrait UIInterfaceOrientationPortraitUpsideDown UIInterfaceOrientationLandscapeLeft UIInterfaceOrientationLandscapeRight";
				INFOPLIST_KEY_UISupportedInterfaceOrientations_iPhone = "UIInterfaceOrientationPortrait UIInterfaceOrientationLandscapeLeft UIInterfaceOrientationLandscapeRight";
				INFOPLIST_PREPROCESS = NO;
				LD_RUNPATH_SEARCH_PATHS = (
					"$(inherited)",
					"@executable_path/Frameworks",
				);
				MARKETING_VERSION = 1.0;
				ONLY_ACTIVE_ARCH = YES;
				PRODUCT_BUNDLE_IDENTIFIER = "com.angelayu.E-Commerce";
				PRODUCT_NAME = "$(TARGET_NAME)";
				SWIFT_EMIT_LOC_STRINGS = YES;
				SWIFT_VERSION = 5.0;
				TARGETED_DEVICE_FAMILY = "1,2";
			};
			name = Debug;
		};
		C29051512BA1BA11006AF636 /* Release */ = {
			isa = XCBuildConfiguration;
			buildSettings = {
				ASSETCATALOG_COMPILER_APPICON_NAME = AppIcon;
				ASSETCATALOG_COMPILER_GLOBAL_ACCENT_COLOR_NAME = AccentColor;
				CODE_SIGN_STYLE = Automatic;
				CURRENT_PROJECT_VERSION = 1;
				DEVELOPMENT_TEAM = 8XP99PU3R2;
				EXCLUDED_ARCHS = "";
				GENERATE_INFOPLIST_FILE = YES;
				INFOPLIST_FILE = "E-Commerce/Info.plist";
				INFOPLIST_KEY_UIApplicationSupportsIndirectInputEvents = YES;
				INFOPLIST_KEY_UILaunchStoryboardName = LaunchScreen;
				INFOPLIST_KEY_UIMainStoryboardFile = Main;
				INFOPLIST_KEY_UIStatusBarStyle = "";
				INFOPLIST_KEY_UISupportedInterfaceOrientations_iPad = "UIInterfaceOrientationPortrait UIInterfaceOrientationPortraitUpsideDown UIInterfaceOrientationLandscapeLeft UIInterfaceOrientationLandscapeRight";
				INFOPLIST_KEY_UISupportedInterfaceOrientations_iPhone = "UIInterfaceOrientationPortrait UIInterfaceOrientationLandscapeLeft UIInterfaceOrientationLandscapeRight";
				INFOPLIST_PREPROCESS = NO;
				LD_RUNPATH_SEARCH_PATHS = (
					"$(inherited)",
					"@executable_path/Frameworks",
				);
				MARKETING_VERSION = 1.0;
				ONLY_ACTIVE_ARCH = NO;
				PRODUCT_BUNDLE_IDENTIFIER = "com.angelayu.E-Commerce";
				PRODUCT_NAME = "$(TARGET_NAME)";
				SWIFT_EMIT_LOC_STRINGS = YES;
				SWIFT_VERSION = 5.0;
				TARGETED_DEVICE_FAMILY = "1,2";
			};
			name = Release;
		};
		C29051532BA1BA11006AF636 /* Debug */ = {
			isa = XCBuildConfiguration;
			buildSettings = {
				ALWAYS_EMBED_SWIFT_STANDARD_LIBRARIES = YES;
				BUNDLE_LOADER = "$(TEST_HOST)";
				CODE_SIGN_STYLE = Automatic;
				CURRENT_PROJECT_VERSION = 1;
				DEVELOPMENT_TEAM = 8XP99PU3R2;
				GENERATE_INFOPLIST_FILE = YES;
				IPHONEOS_DEPLOYMENT_TARGET = 16.2;
				MARKETING_VERSION = 1.0;
				PRODUCT_BUNDLE_IDENTIFIER = "com.angelayu.E-CommerceTests";
				PRODUCT_NAME = "$(TARGET_NAME)";
				SWIFT_EMIT_LOC_STRINGS = NO;
				SWIFT_VERSION = 5.0;
				TARGETED_DEVICE_FAMILY = "1,2";
				TEST_HOST = "$(BUILT_PRODUCTS_DIR)/E-Commerce.app/$(BUNDLE_EXECUTABLE_FOLDER_PATH)/E-Commerce";
			};
			name = Debug;
		};
		C29051542BA1BA11006AF636 /* Release */ = {
			isa = XCBuildConfiguration;
			buildSettings = {
				ALWAYS_EMBED_SWIFT_STANDARD_LIBRARIES = YES;
				BUNDLE_LOADER = "$(TEST_HOST)";
				CODE_SIGN_STYLE = Automatic;
				CURRENT_PROJECT_VERSION = 1;
				DEVELOPMENT_TEAM = 8XP99PU3R2;
				GENERATE_INFOPLIST_FILE = YES;
				IPHONEOS_DEPLOYMENT_TARGET = 16.2;
				MARKETING_VERSION = 1.0;
				PRODUCT_BUNDLE_IDENTIFIER = "com.angelayu.E-CommerceTests";
				PRODUCT_NAME = "$(TARGET_NAME)";
				SWIFT_EMIT_LOC_STRINGS = NO;
				SWIFT_VERSION = 5.0;
				TARGETED_DEVICE_FAMILY = "1,2";
				TEST_HOST = "$(BUILT_PRODUCTS_DIR)/E-Commerce.app/$(BUNDLE_EXECUTABLE_FOLDER_PATH)/E-Commerce";
			};
			name = Release;
		};
		C29051562BA1BA11006AF636 /* Debug */ = {
			isa = XCBuildConfiguration;
			buildSettings = {
				ALWAYS_EMBED_SWIFT_STANDARD_LIBRARIES = YES;
				CODE_SIGN_STYLE = Automatic;
				CURRENT_PROJECT_VERSION = 1;
				DEVELOPMENT_TEAM = 8XP99PU3R2;
				GENERATE_INFOPLIST_FILE = YES;
				MARKETING_VERSION = 1.0;
				PRODUCT_BUNDLE_IDENTIFIER = "com.angelayu.E-CommerceUITests";
				PRODUCT_NAME = "$(TARGET_NAME)";
				SWIFT_EMIT_LOC_STRINGS = NO;
				SWIFT_VERSION = 5.0;
				TARGETED_DEVICE_FAMILY = "1,2";
				TEST_TARGET_NAME = "E-Commerce";
			};
			name = Debug;
		};
		C29051572BA1BA11006AF636 /* Release */ = {
			isa = XCBuildConfiguration;
			buildSettings = {
				ALWAYS_EMBED_SWIFT_STANDARD_LIBRARIES = YES;
				CODE_SIGN_STYLE = Automatic;
				CURRENT_PROJECT_VERSION = 1;
				DEVELOPMENT_TEAM = 8XP99PU3R2;
				GENERATE_INFOPLIST_FILE = YES;
				MARKETING_VERSION = 1.0;
				PRODUCT_BUNDLE_IDENTIFIER = "com.angelayu.E-CommerceUITests";
				PRODUCT_NAME = "$(TARGET_NAME)";
				SWIFT_EMIT_LOC_STRINGS = NO;
				SWIFT_VERSION = 5.0;
				TARGETED_DEVICE_FAMILY = "1,2";
				TEST_TARGET_NAME = "E-Commerce";
			};
			name = Release;
		};
/* End XCBuildConfiguration section */

/* Begin XCConfigurationList section */
		C290511D2BA1BA0F006AF636 /* Build configuration list for PBXProject "E-Commerce" */ = {
			isa = XCConfigurationList;
			buildConfigurations = (
				C290514D2BA1BA11006AF636 /* Debug */,
				C290514E2BA1BA11006AF636 /* Release */,
			);
			defaultConfigurationIsVisible = 0;
			defaultConfigurationName = Release;
		};
		C290514F2BA1BA11006AF636 /* Build configuration list for PBXNativeTarget "E-Commerce" */ = {
			isa = XCConfigurationList;
			buildConfigurations = (
				C29051502BA1BA11006AF636 /* Debug */,
				C29051512BA1BA11006AF636 /* Release */,
			);
			defaultConfigurationIsVisible = 0;
			defaultConfigurationName = Release;
		};
		C29051522BA1BA11006AF636 /* Build configuration list for PBXNativeTarget "E-CommerceTests" */ = {
			isa = XCConfigurationList;
			buildConfigurations = (
				C29051532BA1BA11006AF636 /* Debug */,
				C29051542BA1BA11006AF636 /* Release */,
			);
			defaultConfigurationIsVisible = 0;
			defaultConfigurationName = Release;
		};
		C29051552BA1BA11006AF636 /* Build configuration list for PBXNativeTarget "E-CommerceUITests" */ = {
			isa = XCConfigurationList;
			buildConfigurations = (
				C29051562BA1BA11006AF636 /* Debug */,
				C29051572BA1BA11006AF636 /* Release */,
			);
			defaultConfigurationIsVisible = 0;
			defaultConfigurationName = Release;
		};
/* End XCConfigurationList section */

/* Begin XCVersionGroup section */
		C290512E2BA1BA0F006AF636 /* E_Commerce.xcdatamodeld */ = {
			isa = XCVersionGroup;
			children = (
				C290512F2BA1BA0F006AF636 /* E_Commerce.xcdatamodel */,
			);
			currentVersion = C290512F2BA1BA0F006AF636 /* E_Commerce.xcdatamodel */;
			path = E_Commerce.xcdatamodeld;
			sourceTree = "<group>";
			versionGroupType = wrapper.xcdatamodel;
		};
/* End XCVersionGroup section */
	};
	rootObject = C290511A2BA1BA0F006AF636 /* Project object */;
}
